
Microsoft Visual Studio Solution File, Format Version 12.00
# Visual Studio Version 17
VisualStudioVersion = 17.12.35707.178
MinimumVisualStudioVersion = 10.0.40219.1
Project("{FAE04EC0-301F-11D3-BF4B-00C04F79EFBC}") = "Lab.SendEmail.API", "Lab.SendEmail.API\Lab.SendEmail.API.csproj", "{869B83F2-23D0-4FCE-AE93-2BD8E2EB44C4}"
EndProject
Project("{FAE04EC0-301F-11D3-BF4B-00C04F79EFBC}") = "Lab.SendEmail.Infra", "Lab.SendEmail.Infra\Lab.SendEmail.Infra.csproj", "{B82C901D-C9EB-4678-89AB-EDDF167ADFF7}"
EndProject
Project("{FAE04EC0-301F-11D3-BF4B-00C04F79EFBC}") = "Lab.SendEmail.Core", "Lab.SendEmail.Core\Lab.SendEmail.Core.csproj", "{DBA44C2C-5F0C-47B1-BA22-2B748BAB1393}"
EndProject
Project("{2150E333-8FDC-42A3-9474-1A3956D46DE8}") = "Solution Items", "Solution Items", "{FBBEFC25-8142-401C-B540-59AE83930963}"
	ProjectSection(SolutionItems) = preProject
		README.md = README.md
	EndProjectSection
EndProject
Global
	GlobalSection(SolutionConfigurationPlatforms) = preSolution
		Debug|Any CPU = Debug|Any CPU
		Release|Any CPU = Release|Any CPU
	EndGlobalSection
	GlobalSection(ProjectConfigurationPlatforms) = postSolution
		{869B83F2-23D0-4FCE-AE93-2BD8E2EB44C4}.Debug|Any CPU.ActiveCfg = Debug|Any CPU
		{869B83F2-23D0-4FCE-AE93-2BD8E2EB44C4}.Debug|Any CPU.Build.0 = Debug|Any CPU
		{869B83F2-23D0-4FCE-AE93-2BD8E2EB44C4}.Release|Any CPU.ActiveCfg = Release|Any CPU
		{869B83F2-23D0-4FCE-AE93-2BD8E2EB44C4}.Release|Any CPU.Build.0 = Release|Any CPU
		{B82C901D-C9EB-4678-89AB-EDDF167ADFF7}.Debug|Any CPU.ActiveCfg = Debug|Any CPU
		{B82C901D-C9EB-4678-89AB-EDDF167ADFF7}.Debug|Any CPU.Build.0 = Debug|Any CPU
		{B82C901D-C9EB-4678-89AB-EDDF167ADFF7}.Release|Any CPU.ActiveCfg = Release|Any CPU
		{B82C901D-C9EB-4678-89AB-EDDF167ADFF7}.Release|Any CPU.Build.0 = Release|Any CPU
		{DBA44C2C-5F0C-47B1-BA22-2B748BAB1393}.Debug|Any CPU.ActiveCfg = Debug|Any CPU
		{DBA44C2C-5F0C-47B1-BA22-2B748BAB1393}.Debug|Any CPU.Build.0 = Debug|Any CPU
		{DBA44C2C-5F0C-47B1-BA22-2B748BAB1393}.Release|Any CPU.ActiveCfg = Release|Any CPU
		{DBA44C2C-5F0C-47B1-BA22-2B748BAB1393}.Release|Any CPU.Build.0 = Release|Any CPU
	EndGlobalSection
	GlobalSection(SolutionProperties) = preSolution
		HideSolutionNode = FALSE
	EndGlobalSection
EndGlobal
